// !$*UTF8*$!
{
	archiveVersion = 1;
	classes = {
	};
	objectVersion = 70;
	objects = {

/* Begin PBXBuildFile section */
		881C10512D800F7600AF9FA2 /* requirements.md in Resources */ = {isa = PBXBuildFile; fileRef = 881C10502D800F7000AF9FA2 /* requirements.md */; };
		881C10532D8010B700AF9FA2 /* Tomo.swift in Sources */ = {isa = PBXBuildFile; fileRef = 881C10522D8010B400AF9FA2 /* Tomo.swift */; };
		881C10552D8010D000AF9FA2 /* Session.swift in Sources */ = {isa = PBXBuildFile; fileRef = 881C10542D8010CF00AF9FA2 /* Session.swift */; };
		881C10572D80111E00AF9FA2 /* User.swift in Sources */ = {isa = PBXBuildFile; fileRef = 881C10562D80111900AF9FA2 /* User.swift */; };
		881C10592D80118B00AF9FA2 /* AuthViewModel.swift in Sources */ = {isa = PBXBuildFile; fileRef = 881C10582D80118900AF9FA2 /* AuthViewModel.swift */; };
		881C105B2D80119000AF9FA2 /* SessionViewModel.swift in Sources */ = {isa = PBXBuildFile; fileRef = 881C105A2D80118D00AF9FA2 /* SessionViewModel.swift */; };
		881C105D2D8011A500AF9FA2 /* FriendViewModel.swift in Sources */ = {isa = PBXBuildFile; fileRef = 881C105C2D8011A300AF9FA2 /* FriendViewModel.swift */; };
		881C105F2D8011C700AF9FA2 /* StatsViewModel.swift in Sources */ = {isa = PBXBuildFile; fileRef = 881C105E2D8011C400AF9FA2 /* StatsViewModel.swift */; };
		88513C082D8015CA0095B7CC /* MultiplayerSession.swift in Sources */ = {isa = PBXBuildFile; fileRef = 88513C072D8015C40095B7CC /* MultiplayerSession.swift */; };
		88513C0A2D8018100095B7CC /* ShadowViewModifier.swift in Sources */ = {isa = PBXBuildFile; fileRef = 88513C092D80180B0095B7CC /* ShadowViewModifier.swift */; };
		88513C162D801EF90095B7CC /* StatsScreen.swift in Sources */ = {isa = PBXBuildFile; fileRef = 88513C152D801EF60095B7CC /* StatsScreen.swift */; };
		88513C182D801EFD0095B7CC /* ProfileScreen.swift in Sources */ = {isa = PBXBuildFile; fileRef = 88513C172D801EFB0095B7CC /* ProfileScreen.swift */; };
		88513C1A2D801F0C0095B7CC /* FeedScreen.swift in Sources */ = {isa = PBXBuildFile; fileRef = 88513C192D801F000095B7CC /* FeedScreen.swift */; };
		88B37D0D2C23FD60000A7D91 /* ShipFastStarterApp.swift in Sources */ = {isa = PBXBuildFile; fileRef = 88B37D0C2C23FD60000A7D91 /* ShipFastStarterApp.swift */; };
		88B37D0F2C23FD60000A7D91 /* ContentView.swift in Sources */ = {isa = PBXBuildFile; fileRef = 88B37D0E2C23FD60000A7D91 /* ContentView.swift */; };
		88B37D132C23FD60000A7D91 /* Assets.xcassets in Resources */ = {isa = PBXBuildFile; fileRef = 88B37D122C23FD60000A7D91 /* Assets.xcassets */; };
		88B37D162C23FD60000A7D91 /* Preview Assets.xcassets in Resources */ = {isa = PBXBuildFile; fileRef = 88B37D152C23FD60000A7D91 /* Preview Assets.xcassets */; };
		88B37D242C23FDF8000A7D91 /* MainViewModel.swift in Sources */ = {isa = PBXBuildFile; fileRef = 88B37D232C23FDF8000A7D91 /* MainViewModel.swift */; };
		88B37D2A2C24018B000A7D91 /* SuperwallKit in Frameworks */ = {isa = PBXBuildFile; productRef = 88B37D292C24018B000A7D91 /* SuperwallKit */; };
		88B37D2D2C2404D5000A7D91 /* AppsFlyerLib in Frameworks */ = {isa = PBXBuildFile; productRef = 88B37D2C2C2404D5000A7D91 /* AppsFlyerLib */; };
		88B37D302C24052B000A7D91 /* Mixpanel in Frameworks */ = {isa = PBXBuildFile; productRef = 88B37D2F2C24052B000A7D91 /* Mixpanel */; };
		88B37D322C2406DA000A7D91 /* Constants.swift in Sources */ = {isa = PBXBuildFile; fileRef = 88B37D312C2406DA000A7D91 /* Constants.swift */; };
		88B37D342C240761000A7D91 /* RCPurchaseController.swift in Sources */ = {isa = PBXBuildFile; fileRef = 88B37D332C240761000A7D91 /* RCPurchaseController.swift */; };
		88B37D372C2407DF000A7D91 /* AnalyticsService.swift in Sources */ = {isa = PBXBuildFile; fileRef = 88B37D362C2407DF000A7D91 /* AnalyticsService.swift */; };
		88B37D3A2C240CAB000A7D91 /* RevenueCat in Frameworks */ = {isa = PBXBuildFile; productRef = 88B37D392C240CAB000A7D91 /* RevenueCat */; };
		88B37D3C2C240CF3000A7D91 /* HomeScreen.swift in Sources */ = {isa = PBXBuildFile; fileRef = 88B37D3B2C240CF3000A7D91 /* HomeScreen.swift */; };
		88B37D3E2C240CFF000A7D91 /* OnboardingScreen.swift in Sources */ = {isa = PBXBuildFile; fileRef = 88B37D3D2C240CFF000A7D91 /* OnboardingScreen.swift */; };
		88B37D402C240D12000A7D91 /* SharedComponents.swift in Sources */ = {isa = PBXBuildFile; fileRef = 88B37D3F2C240D12000A7D91 /* SharedComponents.swift */; };
		88B37D422C240D5D000A7D91 /* FontManager.swift in Sources */ = {isa = PBXBuildFile; fileRef = 88B37D412C240D5D000A7D91 /* FontManager.swift */; };
		88B37D442C240D77000A7D91 /* Colors.xcassets in Resources */ = {isa = PBXBuildFile; fileRef = 88B37D432C240D77000A7D91 /* Colors.xcassets */; };
		88B37D482C2410BE000A7D91 /* UIDevice.swift in Sources */ = {isa = PBXBuildFile; fileRef = 88B37D472C2410BE000A7D91 /* UIDevice.swift */; };
		88B37D4A2C2410EB000A7D91 /* Numbers.swift in Sources */ = {isa = PBXBuildFile; fileRef = 88B37D492C2410EB000A7D91 /* Numbers.swift */; };
		88B37D4C2C241110000A7D91 /* Array.swift in Sources */ = {isa = PBXBuildFile; fileRef = 88B37D4B2C241110000A7D91 /* Array.swift */; };
		88B37D4E2C241127000A7D91 /* Color.swift in Sources */ = {isa = PBXBuildFile; fileRef = 88B37D4D2C241127000A7D91 /* Color.swift */; };
		88B37D502C24118F000A7D91 /* API.swift in Sources */ = {isa = PBXBuildFile; fileRef = 88B37D4F2C24118F000A7D91 /* API.swift */; };
		88B37D522C2411A4000A7D91 /* Types.swift in Sources */ = {isa = PBXBuildFile; fileRef = 88B37D512C2411A4000A7D91 /* Types.swift */; };
		88B37D542C2411FC000A7D91 /* Extensions.swift in Sources */ = {isa = PBXBuildFile; fileRef = 88B37D532C2411FC000A7D91 /* Extensions.swift */; };
		88B37D572C241321000A7D91 /* NetworkManger.swift in Sources */ = {isa = PBXBuildFile; fileRef = 88B37D562C241321000A7D91 /* NetworkManger.swift */; };
		88B37D592C241355000A7D91 /* ResponseModel.swift in Sources */ = {isa = PBXBuildFile; fileRef = 88B37D582C241355000A7D91 /* ResponseModel.swift */; };
		88B6EF4D2D8031460074DD47 /* tomoBackground.gif in Resources */ = {isa = PBXBuildFile; fileRef = 88B6EF4C2D8031460074DD47 /* tomoBackground.gif */; };
		88B6EF4F2D8031710074DD47 /* GIFView.swift in Sources */ = {isa = PBXBuildFile; fileRef = 88B6EF4E2D8031710074DD47 /* GIFView.swift */; };
		88B6EF5C2D803CD50074DD47 /* Silkscreen-Regular.ttf in Resources */ = {isa = PBXBuildFile; fileRef = 88B6EF562D803CD50074DD47 /* Silkscreen-Regular.ttf */; };
		88B6EF5D2D803CD50074DD47 /* Jersey20-Regular.ttf in Resources */ = {isa = PBXBuildFile; fileRef = 88B6EF542D803CD50074DD47 /* Jersey20-Regular.ttf */; };
		88B6EF5E2D803CD50074DD47 /* SpaceMono-BoldItalic.ttf in Resources */ = {isa = PBXBuildFile; fileRef = 88B6EF582D803CD50074DD47 /* SpaceMono-BoldItalic.ttf */; };
		88B6EF5F2D803CD50074DD47 /* SpaceMono-Regular.ttf in Resources */ = {isa = PBXBuildFile; fileRef = 88B6EF5A2D803CD50074DD47 /* SpaceMono-Regular.ttf */; };
		88B6EF602D803CD50074DD47 /* SpaceMono-Bold.ttf in Resources */ = {isa = PBXBuildFile; fileRef = 88B6EF572D803CD50074DD47 /* SpaceMono-Bold.ttf */; };
		88B6EF612D803CD50074DD47 /* Jersey10-Regular.ttf in Resources */ = {isa = PBXBuildFile; fileRef = 88B6EF532D803CD50074DD47 /* Jersey10-Regular.ttf */; };
		88B6EF622D803CD50074DD47 /* VT323-Regular.ttf in Resources */ = {isa = PBXBuildFile; fileRef = 88B6EF5B2D803CD50074DD47 /* VT323-Regular.ttf */; };
		88B6EF632D803CD50074DD47 /* SpaceMono-Italic.ttf in Resources */ = {isa = PBXBuildFile; fileRef = 88B6EF592D803CD50074DD47 /* SpaceMono-Italic.ttf */; };
		88B6EF642D803CD50074DD47 /* Silkscreen-Bold.ttf in Resources */ = {isa = PBXBuildFile; fileRef = 88B6EF552D803CD50074DD47 /* Silkscreen-Bold.ttf */; };
/* End PBXBuildFile section */

/* Begin PBXFileReference section */
		881C10502D800F7000AF9FA2 /* requirements.md */ = {isa = PBXFileReference; lastKnownFileType = net.daringfireball.markdown; path = requirements.md; sourceTree = "<group>"; };
		881C10522D8010B400AF9FA2 /* Tomo.swift */ = {isa = PBXFileReference; lastKnownFileType = sourcecode.swift; path = Tomo.swift; sourceTree = "<group>"; };
		881C10542D8010CF00AF9FA2 /* Session.swift */ = {isa = PBXFileReference; lastKnownFileType = sourcecode.swift; path = Session.swift; sourceTree = "<group>"; };
		881C10562D80111900AF9FA2 /* User.swift */ = {isa = PBXFileReference; lastKnownFileType = sourcecode.swift; path = User.swift; sourceTree = "<group>"; };
		881C10582D80118900AF9FA2 /* AuthViewModel.swift */ = {isa = PBXFileReference; lastKnownFileType = sourcecode.swift; path = AuthViewModel.swift; sourceTree = "<group>"; };
		881C105A2D80118D00AF9FA2 /* SessionViewModel.swift */ = {isa = PBXFileReference; lastKnownFileType = sourcecode.swift; path = SessionViewModel.swift; sourceTree = "<group>"; };
		881C105C2D8011A300AF9FA2 /* FriendViewModel.swift */ = {isa = PBXFileReference; lastKnownFileType = sourcecode.swift; path = FriendViewModel.swift; sourceTree = "<group>"; };
		881C105E2D8011C400AF9FA2 /* StatsViewModel.swift */ = {isa = PBXFileReference; lastKnownFileType = sourcecode.swift; path = StatsViewModel.swift; sourceTree = "<group>"; };
		88513C072D8015C40095B7CC /* MultiplayerSession.swift */ = {isa = PBXFileReference; lastKnownFileType = sourcecode.swift; path = MultiplayerSession.swift; sourceTree = "<group>"; };
		88513C092D80180B0095B7CC /* ShadowViewModifier.swift */ = {isa = PBXFileReference; lastKnownFileType = sourcecode.swift; path = ShadowViewModifier.swift; sourceTree = "<group>"; };
		88513C152D801EF60095B7CC /* StatsScreen.swift */ = {isa = PBXFileReference; lastKnownFileType = sourcecode.swift; path = StatsScreen.swift; sourceTree = "<group>"; };
		88513C172D801EFB0095B7CC /* ProfileScreen.swift */ = {isa = PBXFileReference; lastKnownFileType = sourcecode.swift; path = ProfileScreen.swift; sourceTree = "<group>"; };
		88513C192D801F000095B7CC /* FeedScreen.swift */ = {isa = PBXFileReference; lastKnownFileType = sourcecode.swift; path = FeedScreen.swift; sourceTree = "<group>"; };
		88B37D092C23FD60000A7D91 /* ShipFastStarter.app */ = {isa = PBXFileReference; explicitFileType = wrapper.application; includeInIndex = 0; path = ShipFastStarter.app; sourceTree = BUILT_PRODUCTS_DIR; };
		88B37D0C2C23FD60000A7D91 /* ShipFastStarterApp.swift */ = {isa = PBXFileReference; lastKnownFileType = sourcecode.swift; path = ShipFastStarterApp.swift; sourceTree = "<group>"; };
		88B37D0E2C23FD60000A7D91 /* ContentView.swift */ = {isa = PBXFileReference; lastKnownFileType = sourcecode.swift; path = ContentView.swift; sourceTree = "<group>"; };
		88B37D122C23FD60000A7D91 /* Assets.xcassets */ = {isa = PBXFileReference; lastKnownFileType = folder.assetcatalog; path = Assets.xcassets; sourceTree = "<group>"; };
		88B37D152C23FD60000A7D91 /* Preview Assets.xcassets */ = {isa = PBXFileReference; lastKnownFileType = folder.assetcatalog; path = "Preview Assets.xcassets"; sourceTree = "<group>"; };
		88B37D232C23FDF8000A7D91 /* MainViewModel.swift */ = {isa = PBXFileReference; lastKnownFileType = sourcecode.swift; path = MainViewModel.swift; sourceTree = "<group>"; };
		88B37D312C2406DA000A7D91 /* Constants.swift */ = {isa = PBXFileReference; lastKnownFileType = sourcecode.swift; path = Constants.swift; sourceTree = "<group>"; };
		88B37D332C240761000A7D91 /* RCPurchaseController.swift */ = {isa = PBXFileReference; lastKnownFileType = sourcecode.swift; path = RCPurchaseController.swift; sourceTree = "<group>"; };
		88B37D362C2407DF000A7D91 /* AnalyticsService.swift */ = {isa = PBXFileReference; lastKnownFileType = sourcecode.swift; path = AnalyticsService.swift; sourceTree = "<group>"; };
		88B37D3B2C240CF3000A7D91 /* HomeScreen.swift */ = {isa = PBXFileReference; lastKnownFileType = sourcecode.swift; path = HomeScreen.swift; sourceTree = "<group>"; };
		88B37D3D2C240CFF000A7D91 /* OnboardingScreen.swift */ = {isa = PBXFileReference; lastKnownFileType = sourcecode.swift; path = OnboardingScreen.swift; sourceTree = "<group>"; };
		88B37D3F2C240D12000A7D91 /* SharedComponents.swift */ = {isa = PBXFileReference; lastKnownFileType = sourcecode.swift; path = SharedComponents.swift; sourceTree = "<group>"; };
		88B37D412C240D5D000A7D91 /* FontManager.swift */ = {isa = PBXFileReference; lastKnownFileType = sourcecode.swift; path = FontManager.swift; sourceTree = "<group>"; };
		88B37D432C240D77000A7D91 /* Colors.xcassets */ = {isa = PBXFileReference; lastKnownFileType = folder.assetcatalog; path = Colors.xcassets; sourceTree = "<group>"; };
		88B37D472C2410BE000A7D91 /* UIDevice.swift */ = {isa = PBXFileReference; lastKnownFileType = sourcecode.swift; path = UIDevice.swift; sourceTree = "<group>"; };
		88B37D492C2410EB000A7D91 /* Numbers.swift */ = {isa = PBXFileReference; lastKnownFileType = sourcecode.swift; path = Numbers.swift; sourceTree = "<group>"; };
		88B37D4B2C241110000A7D91 /* Array.swift */ = {isa = PBXFileReference; lastKnownFileType = sourcecode.swift; path = Array.swift; sourceTree = "<group>"; };
		88B37D4D2C241127000A7D91 /* Color.swift */ = {isa = PBXFileReference; lastKnownFileType = sourcecode.swift; path = Color.swift; sourceTree = "<group>"; };
		88B37D4F2C24118F000A7D91 /* API.swift */ = {isa = PBXFileReference; lastKnownFileType = sourcecode.swift; path = API.swift; sourceTree = "<group>"; };
		88B37D512C2411A4000A7D91 /* Types.swift */ = {isa = PBXFileReference; lastKnownFileType = sourcecode.swift; path = Types.swift; sourceTree = "<group>"; };
		88B37D532C2411FC000A7D91 /* Extensions.swift */ = {isa = PBXFileReference; lastKnownFileType = sourcecode.swift; path = Extensions.swift; sourceTree = "<group>"; };
		88B37D562C241321000A7D91 /* NetworkManger.swift */ = {isa = PBXFileReference; lastKnownFileType = sourcecode.swift; path = NetworkManger.swift; sourceTree = "<group>"; };
		88B37D582C241355000A7D91 /* ResponseModel.swift */ = {isa = PBXFileReference; lastKnownFileType = sourcecode.swift; path = ResponseModel.swift; sourceTree = "<group>"; };
		88B6EF4C2D8031460074DD47 /* tomoBackground.gif */ = {isa = PBXFileReference; lastKnownFileType = image.gif; path = tomoBackground.gif; sourceTree = "<group>"; };
		88B6EF4E2D8031710074DD47 /* GIFView.swift */ = {isa = PBXFileReference; lastKnownFileType = sourcecode.swift; path = GIFView.swift; sourceTree = "<group>"; };
		88B6EF502D8039710074DD47 /* Info.plist */ = {isa = PBXFileReference; lastKnownFileType = text.plist; path = Info.plist; sourceTree = "<group>"; };
		88B6EF532D803CD50074DD47 /* Jersey10-Regular.ttf */ = {isa = PBXFileReference; lastKnownFileType = file; path = "Jersey10-Regular.ttf"; sourceTree = "<group>"; };
		88B6EF542D803CD50074DD47 /* Jersey20-Regular.ttf */ = {isa = PBXFileReference; lastKnownFileType = file; path = "Jersey20-Regular.ttf"; sourceTree = "<group>"; };
		88B6EF552D803CD50074DD47 /* Silkscreen-Bold.ttf */ = {isa = PBXFileReference; lastKnownFileType = file; path = "Silkscreen-Bold.ttf"; sourceTree = "<group>"; };
		88B6EF562D803CD50074DD47 /* Silkscreen-Regular.ttf */ = {isa = PBXFileReference; lastKnownFileType = file; path = "Silkscreen-Regular.ttf"; sourceTree = "<group>"; };
		88B6EF572D803CD50074DD47 /* SpaceMono-Bold.ttf */ = {isa = PBXFileReference; lastKnownFileType = file; path = "SpaceMono-Bold.ttf"; sourceTree = "<group>"; };
		88B6EF582D803CD50074DD47 /* SpaceMono-BoldItalic.ttf */ = {isa = PBXFileReference; lastKnownFileType = file; path = "SpaceMono-BoldItalic.ttf"; sourceTree = "<group>"; };
		88B6EF592D803CD50074DD47 /* SpaceMono-Italic.ttf */ = {isa = PBXFileReference; lastKnownFileType = file; path = "SpaceMono-Italic.ttf"; sourceTree = "<group>"; };
		88B6EF5A2D803CD50074DD47 /* SpaceMono-Regular.ttf */ = {isa = PBXFileReference; lastKnownFileType = file; path = "SpaceMono-Regular.ttf"; sourceTree = "<group>"; };
		88B6EF5B2D803CD50074DD47 /* VT323-Regular.ttf */ = {isa = PBXFileReference; lastKnownFileType = file; path = "VT323-Regular.ttf"; sourceTree = "<group>"; };
/* End PBXFileReference section */

/* Begin PBXFileSystemSynchronizedRootGroup section */
		88513C0C2D8018510095B7CC /* SharedComponents */ = {isa = PBXFileSystemSynchronizedRootGroup; explicitFileTypes = {}; explicitFolders = (); path = SharedComponents; sourceTree = "<group>"; };
/* End PBXFileSystemSynchronizedRootGroup section */

/* Begin PBXFrameworksBuildPhase section */
		88B37D062C23FD60000A7D91 /* Frameworks */ = {
			isa = PBXFrameworksBuildPhase;
			buildActionMask = 2147483647;
			files = (
				88B37D3A2C240CAB000A7D91 /* RevenueCat in Frameworks */,
				88B37D302C24052B000A7D91 /* Mixpanel in Frameworks */,
				88B37D2A2C24018B000A7D91 /* SuperwallKit in Frameworks */,
				88B37D2D2C2404D5000A7D91 /* AppsFlyerLib in Frameworks */,
			);
			runOnlyForDeploymentPostprocessing = 0;
		};
/* End PBXFrameworksBuildPhase section */

/* Begin PBXGroup section */
		88B37D002C23FD60000A7D91 = {
			isa = PBXGroup;
			children = (
				88B37D0B2C23FD60000A7D91 /* ShipFastStarter */,
				88B37D0A2C23FD60000A7D91 /* Products */,
				88B37D382C240CAB000A7D91 /* Frameworks */,
			);
			sourceTree = "<group>";
		};
		88B37D0A2C23FD60000A7D91 /* Products */ = {
			isa = PBXGroup;
			children = (
				88B37D092C23FD60000A7D91 /* ShipFastStarter.app */,
			);
			name = Products;
			sourceTree = "<group>";
		};
		88B37D0B2C23FD60000A7D91 /* ShipFastStarter */ = {
			isa = PBXGroup;
			children = (
				88B6EF502D8039710074DD47 /* Info.plist */,
				881C10502D800F7000AF9FA2 /* requirements.md */,
				88B37D222C23FDEE000A7D91 /* Model */,
				88B37D1F2C23FD83000A7D91 /* Resources */,
				88B37D1E2C23FD7C000A7D91 /* Helpers */,
				88B37D1D2C23FD78000A7D91 /* Views */,
				88B37D1C2C23FD74000A7D91 /* ViewModels */,
				88B37D0C2C23FD60000A7D91 /* ShipFastStarterApp.swift */,
				88B37D122C23FD60000A7D91 /* Assets.xcassets */,
				88B37D142C23FD60000A7D91 /* Preview Content */,
			);
			path = ShipFastStarter;
			sourceTree = "<group>";
		};
		88B37D142C23FD60000A7D91 /* Preview Content */ = {
			isa = PBXGroup;
			children = (
				88B37D152C23FD60000A7D91 /* Preview Assets.xcassets */,
			);
			path = "Preview Content";
			sourceTree = "<group>";
		};
		88B37D1C2C23FD74000A7D91 /* ViewModels */ = {
			isa = PBXGroup;
			children = (
				881C105E2D8011C400AF9FA2 /* StatsViewModel.swift */,
				881C105C2D8011A300AF9FA2 /* FriendViewModel.swift */,
				881C105A2D80118D00AF9FA2 /* SessionViewModel.swift */,
				881C10582D80118900AF9FA2 /* AuthViewModel.swift */,
				88B37D232C23FDF8000A7D91 /* MainViewModel.swift */,
			);
			path = ViewModels;
			sourceTree = "<group>";
		};
		88B37D1D2C23FD78000A7D91 /* Views */ = {
			isa = PBXGroup;
			children = (
				88513C192D801F000095B7CC /* FeedScreen.swift */,
				88513C172D801EFB0095B7CC /* ProfileScreen.swift */,
				88513C152D801EF60095B7CC /* StatsScreen.swift */,
				88513C0C2D8018510095B7CC /* SharedComponents */,
				88B37D0E2C23FD60000A7D91 /* ContentView.swift */,
				88B37D262C23FFE9000A7D91 /* Home */,
				88B37D252C23FFE5000A7D91 /* Onboarding */,
				88B37D3F2C240D12000A7D91 /* SharedComponents.swift */,
			);
			path = Views;
			sourceTree = "<group>";
		};
		88B37D1E2C23FD7C000A7D91 /* Helpers */ = {
			isa = PBXGroup;
			children = (
				88513C092D80180B0095B7CC /* ShadowViewModifier.swift */,
				88B37D462C2410AF000A7D91 /* Extensions */,
				88B37D352C2407D0000A7D91 /* Services */,
				88B37D312C2406DA000A7D91 /* Constants.swift */,
			);
			path = Helpers;
			sourceTree = "<group>";
		};
		88B37D1F2C23FD83000A7D91 /* Resources */ = {
			isa = PBXGroup;
			children = (
				88B6EF4C2D8031460074DD47 /* tomoBackground.gif */,
				88B37D212C23FD91000A7D91 /* Fonts */,
				88B37D202C23FD8C000A7D91 /* Animations */,
				88B37D432C240D77000A7D91 /* Colors.xcassets */,
			);
			path = Resources;
			sourceTree = "<group>";
		};
		88B37D202C23FD8C000A7D91 /* Animations */ = {
			isa = PBXGroup;
			children = (
			);
			path = Animations;
			sourceTree = "<group>";
		};
		88B37D212C23FD91000A7D91 /* Fonts */ = {
			isa = PBXGroup;
			children = (
				88B37D412C240D5D000A7D91 /* FontManager.swift */,
				88B6EF532D803CD50074DD47 /* Jersey10-Regular.ttf */,
				88B6EF542D803CD50074DD47 /* Jersey20-Regular.ttf */,
				88B6EF552D803CD50074DD47 /* Silkscreen-Bold.ttf */,
				88B6EF562D803CD50074DD47 /* Silkscreen-Regular.ttf */,
				88B6EF572D803CD50074DD47 /* SpaceMono-Bold.ttf */,
				88B6EF582D803CD50074DD47 /* SpaceMono-BoldItalic.ttf */,
				88B6EF592D803CD50074DD47 /* SpaceMono-Italic.ttf */,
				88B6EF5A2D803CD50074DD47 /* SpaceMono-Regular.ttf */,
				88B6EF5B2D803CD50074DD47 /* VT323-Regular.ttf */,
			);
			path = Fonts;
			sourceTree = "<group>";
		};
		88B37D222C23FDEE000A7D91 /* Model */ = {
			isa = PBXGroup;
			children = (
				88513C072D8015C40095B7CC /* MultiplayerSession.swift */,
				881C10562D80111900AF9FA2 /* User.swift */,
				881C10542D8010CF00AF9FA2 /* Session.swift */,
				881C10522D8010B400AF9FA2 /* Tomo.swift */,
			);
			path = Model;
			sourceTree = "<group>";
		};
		88B37D252C23FFE5000A7D91 /* Onboarding */ = {
			isa = PBXGroup;
			children = (
				88B37D3D2C240CFF000A7D91 /* OnboardingScreen.swift */,
			);
			path = Onboarding;
			sourceTree = "<group>";
		};
		88B37D262C23FFE9000A7D91 /* Home */ = {
			isa = PBXGroup;
			children = (
				88B37D3B2C240CF3000A7D91 /* HomeScreen.swift */,
				88B6EF4E2D8031710074DD47 /* GIFView.swift */,
			);
			path = Home;
			sourceTree = "<group>";
		};
		88B37D352C2407D0000A7D91 /* Services */ = {
			isa = PBXGroup;
			children = (
				88B37D452C241089000A7D91 /* Networking */,
				88B37D332C240761000A7D91 /* RCPurchaseController.swift */,
				88B37D362C2407DF000A7D91 /* AnalyticsService.swift */,
			);
			path = Services;
			sourceTree = "<group>";
		};
		88B37D382C240CAB000A7D91 /* Frameworks */ = {
			isa = PBXGroup;
			children = (
			);
			name = Frameworks;
			sourceTree = "<group>";
		};
		88B37D452C241089000A7D91 /* Networking */ = {
			isa = PBXGroup;
			children = (
				88B37D562C241321000A7D91 /* NetworkManger.swift */,
				88B37D4F2C24118F000A7D91 /* API.swift */,
				88B37D512C2411A4000A7D91 /* Types.swift */,
				88B37D532C2411FC000A7D91 /* Extensions.swift */,
				88B37D582C241355000A7D91 /* ResponseModel.swift */,
			);
			path = Networking;
			sourceTree = "<group>";
		};
		88B37D462C2410AF000A7D91 /* Extensions */ = {
			isa = PBXGroup;
			children = (
				88B37D472C2410BE000A7D91 /* UIDevice.swift */,
				88B37D492C2410EB000A7D91 /* Numbers.swift */,
				88B37D4B2C241110000A7D91 /* Array.swift */,
				88B37D4D2C241127000A7D91 /* Color.swift */,
			);
			path = Extensions;
			sourceTree = "<group>";
		};
/* End PBXGroup section */

/* Begin PBXNativeTarget section */
		88B37D082C23FD60000A7D91 /* ShipFastStarter */ = {
			isa = PBXNativeTarget;
			buildConfigurationList = 88B37D192C23FD60000A7D91 /* Build configuration list for PBXNativeTarget "ShipFastStarter" */;
			buildPhases = (
				88B37D052C23FD60000A7D91 /* Sources */,
				88B37D062C23FD60000A7D91 /* Frameworks */,
				88B37D072C23FD60000A7D91 /* Resources */,
			);
			buildRules = (
			);
			dependencies = (
			);
			fileSystemSynchronizedGroups = (
				88513C0C2D8018510095B7CC /* SharedComponents */,
			);
			name = ShipFastStarter;
			packageProductDependencies = (
				88B37D292C24018B000A7D91 /* SuperwallKit */,
				88B37D2C2C2404D5000A7D91 /* AppsFlyerLib */,
				88B37D2F2C24052B000A7D91 /* Mixpanel */,
				88B37D392C240CAB000A7D91 /* RevenueCat */,
			);
			productName = ShipFastStarter;
			productReference = 88B37D092C23FD60000A7D91 /* ShipFastStarter.app */;
			productType = "com.apple.product-type.application";
		};
/* End PBXNativeTarget section */

/* Begin PBXProject section */
		88B37D012C23FD60000A7D91 /* Project object */ = {
			isa = PBXProject;
			attributes = {
				BuildIndependentTargetsInParallel = 1;
				LastSwiftUpdateCheck = 1540;
				LastUpgradeCheck = 1540;
				TargetAttributes = {
					88B37D082C23FD60000A7D91 = {
						CreatedOnToolsVersion = 15.4;
					};
				};
			};
			buildConfigurationList = 88B37D042C23FD60000A7D91 /* Build configuration list for PBXProject "ShipFastStarter" */;
			compatibilityVersion = "Xcode 14.0";
			developmentRegion = en;
			hasScannedForEncodings = 0;
			knownRegions = (
				en,
				Base,
			);
			mainGroup = 88B37D002C23FD60000A7D91;
			packageReferences = (
				88B37D272C2400F5000A7D91 /* XCRemoteSwiftPackageReference "purchases-ios-spm" */,
				88B37D282C24018B000A7D91 /* XCRemoteSwiftPackageReference "Superwall-iOS" */,
				88B37D2B2C2404D5000A7D91 /* XCRemoteSwiftPackageReference "AppsFlyerFramework" */,
				88B37D2E2C24052B000A7D91 /* XCRemoteSwiftPackageReference "mixpanel-swift" */,
			);
			productRefGroup = 88B37D0A2C23FD60000A7D91 /* Products */;
			projectDirPath = "";
			projectRoot = "";
			targets = (
				88B37D082C23FD60000A7D91 /* ShipFastStarter */,
			);
		};
/* End PBXProject section */

/* Begin PBXResourcesBuildPhase section */
		88B37D072C23FD60000A7D91 /* Resources */ = {
			isa = PBXResourcesBuildPhase;
			buildActionMask = 2147483647;
			files = (
				88B37D442C240D77000A7D91 /* Colors.xcassets in Resources */,
				88B37D162C23FD60000A7D91 /* Preview Assets.xcassets in Resources */,
				88B6EF4D2D8031460074DD47 /* tomoBackground.gif in Resources */,
				881C10512D800F7600AF9FA2 /* requirements.md in Resources */,
				88B6EF5C2D803CD50074DD47 /* Silkscreen-Regular.ttf in Resources */,
				88B6EF5D2D803CD50074DD47 /* Jersey20-Regular.ttf in Resources */,
				88B6EF5E2D803CD50074DD47 /* SpaceMono-BoldItalic.ttf in Resources */,
				88B6EF5F2D803CD50074DD47 /* SpaceMono-Regular.ttf in Resources */,
				88B6EF602D803CD50074DD47 /* SpaceMono-Bold.ttf in Resources */,
				88B6EF612D803CD50074DD47 /* Jersey10-Regular.ttf in Resources */,
				88B6EF622D803CD50074DD47 /* VT323-Regular.ttf in Resources */,
				88B6EF632D803CD50074DD47 /* SpaceMono-Italic.ttf in Resources */,
				88B6EF642D803CD50074DD47 /* Silkscreen-Bold.ttf in Resources */,
				88B37D132C23FD60000A7D91 /* Assets.xcassets in Resources */,
			);
			runOnlyForDeploymentPostprocessing = 0;
		};
/* End PBXResourcesBuildPhase section */

/* Begin PBXSourcesBuildPhase section */
		88B37D052C23FD60000A7D91 /* Sources */ = {
			isa = PBXSourcesBuildPhase;
			buildActionMask = 2147483647;
			files = (
				88B37D322C2406DA000A7D91 /* Constants.swift in Sources */,
				88B37D542C2411FC000A7D91 /* Extensions.swift in Sources */,
				88B37D342C240761000A7D91 /* RCPurchaseController.swift in Sources */,
				881C10532D8010B700AF9FA2 /* Tomo.swift in Sources */,
				88B37D572C241321000A7D91 /* NetworkManger.swift in Sources */,
				88B37D0F2C23FD60000A7D91 /* ContentView.swift in Sources */,
				88B37D522C2411A4000A7D91 /* Types.swift in Sources */,
				88513C162D801EF90095B7CC /* StatsScreen.swift in Sources */,
				88B37D402C240D12000A7D91 /* SharedComponents.swift in Sources */,
				88B37D3C2C240CF3000A7D91 /* HomeScreen.swift in Sources */,
				88B37D422C240D5D000A7D91 /* FontManager.swift in Sources */,
				88513C0A2D8018100095B7CC /* ShadowViewModifier.swift in Sources */,
				88B6EF4F2D8031710074DD47 /* GIFView.swift in Sources */,
				88B37D482C2410BE000A7D91 /* UIDevice.swift in Sources */,
				88B37D4E2C241127000A7D91 /* Color.swift in Sources */,
				881C105F2D8011C700AF9FA2 /* StatsViewModel.swift in Sources */,
				88B37D4A2C2410EB000A7D91 /* Numbers.swift in Sources */,
				881C105D2D8011A500AF9FA2 /* FriendViewModel.swift in Sources */,
				88B37D4C2C241110000A7D91 /* Array.swift in Sources */,
				88B37D3E2C240CFF000A7D91 /* OnboardingScreen.swift in Sources */,
				88513C182D801EFD0095B7CC /* ProfileScreen.swift in Sources */,
				88513C1A2D801F0C0095B7CC /* FeedScreen.swift in Sources */,
				881C105B2D80119000AF9FA2 /* SessionViewModel.swift in Sources */,
				88B37D0D2C23FD60000A7D91 /* ShipFastStarterApp.swift in Sources */,
				88B37D372C2407DF000A7D91 /* AnalyticsService.swift in Sources */,
				881C10552D8010D000AF9FA2 /* Session.swift in Sources */,
				88B37D502C24118F000A7D91 /* API.swift in Sources */,
				881C10592D80118B00AF9FA2 /* AuthViewModel.swift in Sources */,
				88B37D592C241355000A7D91 /* ResponseModel.swift in Sources */,
				88513C082D8015CA0095B7CC /* MultiplayerSession.swift in Sources */,
				88B37D242C23FDF8000A7D91 /* MainViewModel.swift in Sources */,
				881C10572D80111E00AF9FA2 /* User.swift in Sources */,
			);
			runOnlyForDeploymentPostprocessing = 0;
		};
/* End PBXSourcesBuildPhase section */

/* Begin XCBuildConfiguration section */
		88B37D172C23FD60000A7D91 /* Debug */ = {
			isa = XCBuildConfiguration;
			buildSettings = {
				ALWAYS_SEARCH_USER_PATHS = NO;
				ASSETCATALOG_COMPILER_GENERATE_SWIFT_ASSET_SYMBOL_EXTENSIONS = YES;
				CLANG_ANALYZER_NONNULL = YES;
				CLANG_ANALYZER_NUMBER_OBJECT_CONVERSION = YES_AGGRESSIVE;
				CLANG_CXX_LANGUAGE_STANDARD = "gnu++20";
				CLANG_ENABLE_MODULES = YES;
				CLANG_ENABLE_OBJC_ARC = YES;
				CLANG_ENABLE_OBJC_WEAK = YES;
				CLANG_WARN_BLOCK_CAPTURE_AUTORELEASING = YES;
				CLANG_WARN_BOOL_CONVERSION = YES;
				CLANG_WARN_COMMA = YES;
				CLANG_WARN_CONSTANT_CONVERSION = YES;
				CLANG_WARN_DEPRECATED_OBJC_IMPLEMENTATIONS = YES;
				CLANG_WARN_DIRECT_OBJC_ISA_USAGE = YES_ERROR;
				CLANG_WARN_DOCUMENTATION_COMMENTS = YES;
				CLANG_WARN_EMPTY_BODY = YES;
				CLANG_WARN_ENUM_CONVERSION = YES;
				CLANG_WARN_INFINITE_RECURSION = YES;
				CLANG_WARN_INT_CONVERSION = YES;
				CLANG_WARN_NON_LITERAL_NULL_CONVERSION = YES;
				CLANG_WARN_OBJC_IMPLICIT_RETAIN_SELF = YES;
				CLANG_WARN_OBJC_LITERAL_CONVERSION = YES;
				CLANG_WARN_OBJC_ROOT_CLASS = YES_ERROR;
				CLANG_WARN_QUOTED_INCLUDE_IN_FRAMEWORK_HEADER = YES;
				CLANG_WARN_RANGE_LOOP_ANALYSIS = YES;
				CLANG_WARN_STRICT_PROTOTYPES = YES;
				CLANG_WARN_SUSPICIOUS_MOVE = YES;
				CLANG_WARN_UNGUARDED_AVAILABILITY = YES_AGGRESSIVE;
				CLANG_WARN_UNREACHABLE_CODE = YES;
				CLANG_WARN__DUPLICATE_METHOD_MATCH = YES;
				COPY_PHASE_STRIP = NO;
				DEBUG_INFORMATION_FORMAT = dwarf;
				ENABLE_STRICT_OBJC_MSGSEND = YES;
				ENABLE_TESTABILITY = YES;
				ENABLE_USER_SCRIPT_SANDBOXING = YES;
				GCC_C_LANGUAGE_STANDARD = gnu17;
				GCC_DYNAMIC_NO_PIC = NO;
				GCC_NO_COMMON_BLOCKS = YES;
				GCC_OPTIMIZATION_LEVEL = 0;
				GCC_PREPROCESSOR_DEFINITIONS = (
					"DEBUG=1",
					"$(inherited)",
				);
				GCC_WARN_64_TO_32_BIT_CONVERSION = YES;
				GCC_WARN_ABOUT_RETURN_TYPE = YES_ERROR;
				GCC_WARN_UNDECLARED_SELECTOR = YES;
				GCC_WARN_UNINITIALIZED_AUTOS = YES_AGGRESSIVE;
				GCC_WARN_UNUSED_FUNCTION = YES;
				GCC_WARN_UNUSED_VARIABLE = YES;
				IPHONEOS_DEPLOYMENT_TARGET = 17.5;
				LOCALIZATION_PREFERS_STRING_CATALOGS = YES;
				MTL_ENABLE_DEBUG_INFO = INCLUDE_SOURCE;
				MTL_FAST_MATH = YES;
				ONLY_ACTIVE_ARCH = YES;
				SDKROOT = iphoneos;
				SWIFT_ACTIVE_COMPILATION_CONDITIONS = "DEBUG $(inherited)";
				SWIFT_OPTIMIZATION_LEVEL = "-Onone";
			};
			name = Debug;
		};
		88B37D182C23FD60000A7D91 /* Release */ = {
			isa = XCBuildConfiguration;
			buildSettings = {
				ALWAYS_SEARCH_USER_PATHS = NO;
				ASSETCATALOG_COMPILER_GENERATE_SWIFT_ASSET_SYMBOL_EXTENSIONS = YES;
				CLANG_ANALYZER_NONNULL = YES;
				CLANG_ANALYZER_NUMBER_OBJECT_CONVERSION = YES_AGGRESSIVE;
				CLANG_CXX_LANGUAGE_STANDARD = "gnu++20";
				CLANG_ENABLE_MODULES = YES;
				CLANG_ENABLE_OBJC_ARC = YES;
				CLANG_ENABLE_OBJC_WEAK = YES;
				CLANG_WARN_BLOCK_CAPTURE_AUTORELEASING = YES;
				CLANG_WARN_BOOL_CONVERSION = YES;
				CLANG_WARN_COMMA = YES;
				CLANG_WARN_CONSTANT_CONVERSION = YES;
				CLANG_WARN_DEPRECATED_OBJC_IMPLEMENTATIONS = YES;
				CLANG_WARN_DIRECT_OBJC_ISA_USAGE = YES_ERROR;
				CLANG_WARN_DOCUMENTATION_COMMENTS = YES;
				CLANG_WARN_EMPTY_BODY = YES;
				CLANG_WARN_ENUM_CONVERSION = YES;
				CLANG_WARN_INFINITE_RECURSION = YES;
				CLANG_WARN_INT_CONVERSION = YES;
				CLANG_WARN_NON_LITERAL_NULL_CONVERSION = YES;
				CLANG_WARN_OBJC_IMPLICIT_RETAIN_SELF = YES;
				CLANG_WARN_OBJC_LITERAL_CONVERSION = YES;
				CLANG_WARN_OBJC_ROOT_CLASS = YES_ERROR;
				CLANG_WARN_QUOTED_INCLUDE_IN_FRAMEWORK_HEADER = YES;
				CLANG_WARN_RANGE_LOOP_ANALYSIS = YES;
				CLANG_WARN_STRICT_PROTOTYPES = YES;
				CLANG_WARN_SUSPICIOUS_MOVE = YES;
				CLANG_WARN_UNGUARDED_AVAILABILITY = YES_AGGRESSIVE;
				CLANG_WARN_UNREACHABLE_CODE = YES;
				CLANG_WARN__DUPLICATE_METHOD_MATCH = YES;
				COPY_PHASE_STRIP = NO;
				DEBUG_INFORMATION_FORMAT = "dwarf-with-dsym";
				ENABLE_NS_ASSERTIONS = NO;
				ENABLE_STRICT_OBJC_MSGSEND = YES;
				ENABLE_USER_SCRIPT_SANDBOXING = YES;
				GCC_C_LANGUAGE_STANDARD = gnu17;
				GCC_NO_COMMON_BLOCKS = YES;
				GCC_WARN_64_TO_32_BIT_CONVERSION = YES;
				GCC_WARN_ABOUT_RETURN_TYPE = YES_ERROR;
				GCC_WARN_UNDECLARED_SELECTOR = YES;
				GCC_WARN_UNINITIALIZED_AUTOS = YES_AGGRESSIVE;
				GCC_WARN_UNUSED_FUNCTION = YES;
				GCC_WARN_UNUSED_VARIABLE = YES;
				IPHONEOS_DEPLOYMENT_TARGET = 17.5;
				LOCALIZATION_PREFERS_STRING_CATALOGS = YES;
				MTL_ENABLE_DEBUG_INFO = NO;
				MTL_FAST_MATH = YES;
				SDKROOT = iphoneos;
				SWIFT_COMPILATION_MODE = wholemodule;
				VALIDATE_PRODUCT = YES;
			};
			name = Release;
		};
		88B37D1A2C23FD60000A7D91 /* Debug */ = {
			isa = XCBuildConfiguration;
			buildSettings = {
				ASSETCATALOG_COMPILER_APPICON_NAME = AppIcon;
				ASSETCATALOG_COMPILER_GLOBAL_ACCENT_COLOR_NAME = AccentColor;
				CODE_SIGN_STYLE = Automatic;
				CURRENT_PROJECT_VERSION = 1;
				DEVELOPMENT_ASSET_PATHS = "\"ShipFastStarter/Preview Content\"";
				DEVELOPMENT_TEAM = M5757NXZKD;
				ENABLE_PREVIEWS = YES;
				FRAMEWORK_SEARCH_PATHS = (
					"$(inherited)",
					"$(PROJECT_DIR)/tomo-time-fb\\ copy/ios/Pods/hermes-engine/destroot/Library/Frameworks/macosx",
				);
				GENERATE_INFOPLIST_FILE = YES;
				INFOPLIST_FILE = ShipFastStarter/Info.plist;
				INFOPLIST_KEY_UIApplicationSceneManifest_Generation = YES;
				INFOPLIST_KEY_UIApplicationSupportsIndirectInputEvents = YES;
				INFOPLIST_KEY_UILaunchScreen_Generation = YES;
				INFOPLIST_KEY_UISupportedInterfaceOrientations_iPad = "UIInterfaceOrientationPortrait UIInterfaceOrientationPortraitUpsideDown UIInterfaceOrientationLandscapeLeft UIInterfaceOrientationLandscapeRight";
				INFOPLIST_KEY_UISupportedInterfaceOrientations_iPhone = "UIInterfaceOrientationPortrait UIInterfaceOrientationLandscapeLeft UIInterfaceOrientationLandscapeRight";
				LD_RUNPATH_SEARCH_PATHS = (
					"$(inherited)",
					"@executable_path/Frameworks",
				);
				MARKETING_VERSION = 1.0;
				PRODUCT_BUNDLE_IDENTIFIER = io.nora.kaizen.ShipFastStarter;
				PRODUCT_NAME = "$(TARGET_NAME)";
				SWIFT_EMIT_LOC_STRINGS = YES;
				SWIFT_VERSION = 5.0;
				TARGETED_DEVICE_FAMILY = "1,2";
			};
			name = Debug;
		};
		88B37D1B2C23FD60000A7D91 /* Release */ = {
			isa = XCBuildConfiguration;
			buildSettings = {
				ASSETCATALOG_COMPILER_APPICON_NAME = AppIcon;
				ASSETCATALOG_COMPILER_GLOBAL_ACCENT_COLOR_NAME = AccentColor;
				CODE_SIGN_STYLE = Automatic;
				CURRENT_PROJECT_VERSION = 1;
				DEVELOPMENT_ASSET_PATHS = "\"ShipFastStarter/Preview Content\"";
				DEVELOPMENT_TEAM = M5757NXZKD;
				ENABLE_PREVIEWS = YES;
				FRAMEWORK_SEARCH_PATHS = (
					"$(inherited)",
					"$(PROJECT_DIR)/tomo-time-fb\\ copy/ios/Pods/hermes-engine/destroot/Library/Frameworks/macosx",
				);
				GENERATE_INFOPLIST_FILE = YES;
				INFOPLIST_FILE = ShipFastStarter/Info.plist;
				INFOPLIST_KEY_UIApplicationSceneManifest_Generation = YES;
				INFOPLIST_KEY_UIApplicationSupportsIndirectInputEvents = YES;
				INFOPLIST_KEY_UILaunchScreen_Generation = YES;
				INFOPLIST_KEY_UISupportedInterfaceOrientations_iPad = "UIInterfaceOrientationPortrait UIInterfaceOrientationPortraitUpsideDown UIInterfaceOrientationLandscapeLeft UIInterfaceOrientationLandscapeRight";
				INFOPLIST_KEY_UISupportedInterfaceOrientations_iPhone = "UIInterfaceOrientationPortrait UIInterfaceOrientationLandscapeLeft UIInterfaceOrientationLandscapeRight";
				LD_RUNPATH_SEARCH_PATHS = (
					"$(inherited)",
					"@executable_path/Frameworks",
				);
				MARKETING_VERSION = 1.0;
				PRODUCT_BUNDLE_IDENTIFIER = io.nora.kaizen.ShipFastStarter;
				PRODUCT_NAME = "$(TARGET_NAME)";
				SWIFT_EMIT_LOC_STRINGS = YES;
				SWIFT_VERSION = 5.0;
				TARGETED_DEVICE_FAMILY = "1,2";
			};
			name = Release;
		};
/* End XCBuildConfiguration section */

/* Begin XCConfigurationList section */
		88B37D042C23FD60000A7D91 /* Build configuration list for PBXProject "ShipFastStarter" */ = {
			isa = XCConfigurationList;
			buildConfigurations = (
				88B37D172C23FD60000A7D91 /* Debug */,
				88B37D182C23FD60000A7D91 /* Release */,
			);
			defaultConfigurationIsVisible = 0;
			defaultConfigurationName = Release;
		};
		88B37D192C23FD60000A7D91 /* Build configuration list for PBXNativeTarget "ShipFastStarter" */ = {
			isa = XCConfigurationList;
			buildConfigurations = (
				88B37D1A2C23FD60000A7D91 /* Debug */,
				88B37D1B2C23FD60000A7D91 /* Release */,
			);
			defaultConfigurationIsVisible = 0;
			defaultConfigurationName = Release;
		};
/* End XCConfigurationList section */

/* Begin XCRemoteSwiftPackageReference section */
		88B37D272C2400F5000A7D91 /* XCRemoteSwiftPackageReference "purchases-ios-spm" */ = {
			isa = XCRemoteSwiftPackageReference;
			repositoryURL = "https://github.com/RevenueCat/purchases-ios-spm.git";
			requirement = {
				kind = upToNextMajorVersion;
				minimumVersion = 4.43.0;
			};
		};
		88B37D282C24018B000A7D91 /* XCRemoteSwiftPackageReference "Superwall-iOS" */ = {
			isa = XCRemoteSwiftPackageReference;
			repositoryURL = "https://github.com/superwall/Superwall-iOS";
			requirement = {
				kind = upToNextMajorVersion;
				minimumVersion = 3.0.0;
			};
		};
		88B37D2B2C2404D5000A7D91 /* XCRemoteSwiftPackageReference "AppsFlyerFramework" */ = {
			isa = XCRemoteSwiftPackageReference;
			repositoryURL = "https://github.com/AppsFlyerSDK/AppsFlyerFramework.git";
			requirement = {
				kind = upToNextMajorVersion;
				minimumVersion = 6.14.4;
			};
		};
		88B37D2E2C24052B000A7D91 /* XCRemoteSwiftPackageReference "mixpanel-swift" */ = {
			isa = XCRemoteSwiftPackageReference;
			repositoryURL = "https://github.com/mixpanel/mixpanel-swift.git";
			requirement = {
				branch = master;
				kind = branch;
			};
		};
/* End XCRemoteSwiftPackageReference section */

/* Begin XCSwiftPackageProductDependency section */
		88B37D292C24018B000A7D91 /* SuperwallKit */ = {
			isa = XCSwiftPackageProductDependency;
			package = 88B37D282C24018B000A7D91 /* XCRemoteSwiftPackageReference "Superwall-iOS" */;
			productName = SuperwallKit;
		};
		88B37D2C2C2404D5000A7D91 /* AppsFlyerLib */ = {
			isa = XCSwiftPackageProductDependency;
			package = 88B37D2B2C2404D5000A7D91 /* XCRemoteSwiftPackageReference "AppsFlyerFramework" */;
			productName = AppsFlyerLib;
		};
		88B37D2F2C24052B000A7D91 /* Mixpanel */ = {
			isa = XCSwiftPackageProductDependency;
			package = 88B37D2E2C24052B000A7D91 /* XCRemoteSwiftPackageReference "mixpanel-swift" */;
			productName = Mixpanel;
		};
		88B37D392C240CAB000A7D91 /* RevenueCat */ = {
			isa = XCSwiftPackageProductDependency;
			package = 88B37D272C2400F5000A7D91 /* XCRemoteSwiftPackageReference "purchases-ios-spm" */;
			productName = RevenueCat;
		};
/* End XCSwiftPackageProductDependency section */
	};
	rootObject = 88B37D012C23FD60000A7D91 /* Project object */;
}
