// !$*UTF8*$!
{
	archiveVersion = 1;
	classes = {
	};
	objectVersion = 56;
	objects = {

/* Begin PBXBuildFile section */
		88B37D0D2C23FD60000A7D91 /* ShipFastStarterApp.swift in Sources */ = {isa = PBXBuildFile; fileRef = 88B37D0C2C23FD60000A7D91 /* ShipFastStarterApp.swift */; };
		88B37D0F2C23FD60000A7D91 /* ContentView.swift in Sources */ = {isa = PBXBuildFile; fileRef = 88B37D0E2C23FD60000A7D91 /* ContentView.swift */; };
		88B37D112C23FD60000A7D91 /* Item.swift in Sources */ = {isa = PBXBuildFile; fileRef = 88B37D102C23FD60000A7D91 /* Item.swift */; };
		88B37D132C23FD60000A7D91 /* Assets.xcassets in Resources */ = {isa = PBXBuildFile; fileRef = 88B37D122C23FD60000A7D91 /* Assets.xcassets */; };
		88B37D162C23FD60000A7D91 /* Preview Assets.xcassets in Resources */ = {isa = PBXBuildFile; fileRef = 88B37D152C23FD60000A7D91 /* Preview Assets.xcassets */; };
		88B37D242C23FDF8000A7D91 /* MainViewModel.swift in Sources */ = {isa = PBXBuildFile; fileRef = 88B37D232C23FDF8000A7D91 /* MainViewModel.swift */; };
		88B37D2A2C24018B000A7D91 /* SuperwallKit in Frameworks */ = {isa = PBXBuildFile; productRef = 88B37D292C24018B000A7D91 /* SuperwallKit */; };
		88B37D2D2C2404D5000A7D91 /* AppsFlyerLib in Frameworks */ = {isa = PBXBuildFile; productRef = 88B37D2C2C2404D5000A7D91 /* AppsFlyerLib */; };
		88B37D302C24052B000A7D91 /* Mixpanel in Frameworks */ = {isa = PBXBuildFile; productRef = 88B37D2F2C24052B000A7D91 /* Mixpanel */; };
		88B37D322C2406DA000A7D91 /* Constants.swift in Sources */ = {isa = PBXBuildFile; fileRef = 88B37D312C2406DA000A7D91 /* Constants.swift */; };
		88B37D342C240761000A7D91 /* RCPurchaseController.swift in Sources */ = {isa = PBXBuildFile; fileRef = 88B37D332C240761000A7D91 /* RCPurchaseController.swift */; };
		88B37D372C2407DF000A7D91 /* AnalyticsService.swift in Sources */ = {isa = PBXBuildFile; fileRef = 88B37D362C2407DF000A7D91 /* AnalyticsService.swift */; };
		88B37D3A2C240CAB000A7D91 /* RevenueCat in Frameworks */ = {isa = PBXBuildFile; productRef = 88B37D392C240CAB000A7D91 /* RevenueCat */; };
		88B37D3C2C240CF3000A7D91 /* HomeScreen.swift in Sources */ = {isa = PBXBuildFile; fileRef = 88B37D3B2C240CF3000A7D91 /* HomeScreen.swift */; };
		88B37D3E2C240CFF000A7D91 /* OnboardingScreen.swift in Sources */ = {isa = PBXBuildFile; fileRef = 88B37D3D2C240CFF000A7D91 /* OnboardingScreen.swift */; };
		88B37D402C240D12000A7D91 /* SharedComponents.swift in Sources */ = {isa = PBXBuildFile; fileRef = 88B37D3F2C240D12000A7D91 /* SharedComponents.swift */; };
		88B37D422C240D5D000A7D91 /* FontManager.swift in Sources */ = {isa = PBXBuildFile; fileRef = 88B37D412C240D5D000A7D91 /* FontManager.swift */; };
		88B37D442C240D77000A7D91 /* Colors.xcassets in Resources */ = {isa = PBXBuildFile; fileRef = 88B37D432C240D77000A7D91 /* Colors.xcassets */; };
/* End PBXBuildFile section */

/* Begin PBXFileReference section */
		88B37D092C23FD60000A7D91 /* ShipFastStarter.app */ = {isa = PBXFileReference; explicitFileType = wrapper.application; includeInIndex = 0; path = ShipFastStarter.app; sourceTree = BUILT_PRODUCTS_DIR; };
		88B37D0C2C23FD60000A7D91 /* ShipFastStarterApp.swift */ = {isa = PBXFileReference; lastKnownFileType = sourcecode.swift; path = ShipFastStarterApp.swift; sourceTree = "<group>"; };
		88B37D0E2C23FD60000A7D91 /* ContentView.swift */ = {isa = PBXFileReference; lastKnownFileType = sourcecode.swift; path = ContentView.swift; sourceTree = "<group>"; };
		88B37D102C23FD60000A7D91 /* Item.swift */ = {isa = PBXFileReference; lastKnownFileType = sourcecode.swift; path = Item.swift; sourceTree = "<group>"; };
		88B37D122C23FD60000A7D91 /* Assets.xcassets */ = {isa = PBXFileReference; lastKnownFileType = folder.assetcatalog; path = Assets.xcassets; sourceTree = "<group>"; };
		88B37D152C23FD60000A7D91 /* Preview Assets.xcassets */ = {isa = PBXFileReference; lastKnownFileType = folder.assetcatalog; path = "Preview Assets.xcassets"; sourceTree = "<group>"; };
		88B37D232C23FDF8000A7D91 /* MainViewModel.swift */ = {isa = PBXFileReference; lastKnownFileType = sourcecode.swift; path = MainViewModel.swift; sourceTree = "<group>"; };
		88B37D312C2406DA000A7D91 /* Constants.swift */ = {isa = PBXFileReference; lastKnownFileType = sourcecode.swift; path = Constants.swift; sourceTree = "<group>"; };
		88B37D332C240761000A7D91 /* RCPurchaseController.swift */ = {isa = PBXFileReference; lastKnownFileType = sourcecode.swift; path = RCPurchaseController.swift; sourceTree = "<group>"; };
		88B37D362C2407DF000A7D91 /* AnalyticsService.swift */ = {isa = PBXFileReference; lastKnownFileType = sourcecode.swift; path = AnalyticsService.swift; sourceTree = "<group>"; };
		88B37D3B2C240CF3000A7D91 /* HomeScreen.swift */ = {isa = PBXFileReference; lastKnownFileType = sourcecode.swift; path = HomeScreen.swift; sourceTree = "<group>"; };
		88B37D3D2C240CFF000A7D91 /* OnboardingScreen.swift */ = {isa = PBXFileReference; lastKnownFileType = sourcecode.swift; path = OnboardingScreen.swift; sourceTree = "<group>"; };
		88B37D3F2C240D12000A7D91 /* SharedComponents.swift */ = {isa = PBXFileReference; lastKnownFileType = sourcecode.swift; path = SharedComponents.swift; sourceTree = "<group>"; };
		88B37D412C240D5D000A7D91 /* FontManager.swift */ = {isa = PBXFileReference; lastKnownFileType = sourcecode.swift; path = FontManager.swift; sourceTree = "<group>"; };
		88B37D432C240D77000A7D91 /* Colors.xcassets */ = {isa = PBXFileReference; lastKnownFileType = folder.assetcatalog; path = Colors.xcassets; sourceTree = "<group>"; };
/* End PBXFileReference section */

/* Begin PBXFrameworksBuildPhase section */
		88B37D062C23FD60000A7D91 /* Frameworks */ = {
			isa = PBXFrameworksBuildPhase;
			buildActionMask = 2147483647;
			files = (
				88B37D3A2C240CAB000A7D91 /* RevenueCat in Frameworks */,
				88B37D302C24052B000A7D91 /* Mixpanel in Frameworks */,
				88B37D2A2C24018B000A7D91 /* SuperwallKit in Frameworks */,
				88B37D2D2C2404D5000A7D91 /* AppsFlyerLib in Frameworks */,
			);
			runOnlyForDeploymentPostprocessing = 0;
		};
/* End PBXFrameworksBuildPhase section */

/* Begin PBXGroup section */
		88B37D002C23FD60000A7D91 = {
			isa = PBXGroup;
			children = (
				88B37D0B2C23FD60000A7D91 /* ShipFastStarter */,
				88B37D0A2C23FD60000A7D91 /* Products */,
				88B37D382C240CAB000A7D91 /* Frameworks */,
			);
			sourceTree = "<group>";
		};
		88B37D0A2C23FD60000A7D91 /* Products */ = {
			isa = PBXGroup;
			children = (
				88B37D092C23FD60000A7D91 /* ShipFastStarter.app */,
			);
			name = Products;
			sourceTree = "<group>";
		};
		88B37D0B2C23FD60000A7D91 /* ShipFastStarter */ = {
			isa = PBXGroup;
			children = (
				88B37D222C23FDEE000A7D91 /* Model */,
				88B37D1F2C23FD83000A7D91 /* Resources */,
				88B37D1E2C23FD7C000A7D91 /* Helpers */,
				88B37D1D2C23FD78000A7D91 /* Views */,
				88B37D1C2C23FD74000A7D91 /* ViewModels */,
				88B37D0C2C23FD60000A7D91 /* ShipFastStarterApp.swift */,
				88B37D102C23FD60000A7D91 /* Item.swift */,
				88B37D122C23FD60000A7D91 /* Assets.xcassets */,
				88B37D142C23FD60000A7D91 /* Preview Content */,
			);
			path = ShipFastStarter;
			sourceTree = "<group>";
		};
		88B37D142C23FD60000A7D91 /* Preview Content */ = {
			isa = PBXGroup;
			children = (
				88B37D152C23FD60000A7D91 /* Preview Assets.xcassets */,
			);
			path = "Preview Content";
			sourceTree = "<group>";
		};
		88B37D1C2C23FD74000A7D91 /* ViewModels */ = {
			isa = PBXGroup;
			children = (
			);
			path = ViewModels;
			sourceTree = "<group>";
		};
		88B37D1D2C23FD78000A7D91 /* Views */ = {
			isa = PBXGroup;
			children = (
				88B37D0E2C23FD60000A7D91 /* ContentView.swift */,
				88B37D262C23FFE9000A7D91 /* Home */,
				88B37D252C23FFE5000A7D91 /* Onboarding */,
				88B37D3F2C240D12000A7D91 /* SharedComponents.swift */,
			);
			path = Views;
			sourceTree = "<group>";
		};
		88B37D1E2C23FD7C000A7D91 /* Helpers */ = {
			isa = PBXGroup;
			children = (
				88B37D352C2407D0000A7D91 /* Services */,
				88B37D312C2406DA000A7D91 /* Constants.swift */,
			);
			path = Helpers;
			sourceTree = "<group>";
		};
		88B37D1F2C23FD83000A7D91 /* Resources */ = {
			isa = PBXGroup;
			children = (
				88B37D212C23FD91000A7D91 /* Fonts */,
				88B37D202C23FD8C000A7D91 /* Animations */,
				88B37D432C240D77000A7D91 /* Colors.xcassets */,
			);
			path = Resources;
			sourceTree = "<group>";
		};
		88B37D202C23FD8C000A7D91 /* Animations */ = {
			isa = PBXGroup;
			children = (
			);
			path = Animations;
			sourceTree = "<group>";
		};
		88B37D212C23FD91000A7D91 /* Fonts */ = {
			isa = PBXGroup;
			children = (
				88B37D412C240D5D000A7D91 /* FontManager.swift */,
			);
			path = Fonts;
			sourceTree = "<group>";
		};
		88B37D222C23FDEE000A7D91 /* Model */ = {
			isa = PBXGroup;
			children = (
				88B37D232C23FDF8000A7D91 /* MainViewModel.swift */,
			);
			path = Model;
			sourceTree = "<group>";
		};
		88B37D252C23FFE5000A7D91 /* Onboarding */ = {
			isa = PBXGroup;
			children = (
				88B37D3D2C240CFF000A7D91 /* OnboardingScreen.swift */,
			);
			path = Onboarding;
			sourceTree = "<group>";
		};
		88B37D262C23FFE9000A7D91 /* Home */ = {
			isa = PBXGroup;
			children = (
				88B37D3B2C240CF3000A7D91 /* HomeScreen.swift */,
			);
			path = Home;
			sourceTree = "<group>";
		};
		88B37D352C2407D0000A7D91 /* Services */ = {
			isa = PBXGroup;
			children = (
				88B37D332C240761000A7D91 /* RCPurchaseController.swift */,
				88B37D362C2407DF000A7D91 /* AnalyticsService.swift */,
			);
			path = Services;
			sourceTree = "<group>";
		};
		88B37D382C240CAB000A7D91 /* Frameworks */ = {
			isa = PBXGroup;
			children = (
			);
			name = Frameworks;
			sourceTree = "<group>";
		};
/* End PBXGroup section */

/* Begin PBXNativeTarget section */
		88B37D082C23FD60000A7D91 /* ShipFastStarter */ = {
			isa = PBXNativeTarget;
			buildConfigurationList = 88B37D192C23FD60000A7D91 /* Build configuration list for PBXNativeTarget "ShipFastStarter" */;
			buildPhases = (
				88B37D052C23FD60000A7D91 /* Sources */,
				88B37D062C23FD60000A7D91 /* Frameworks */,
				88B37D072C23FD60000A7D91 /* Resources */,
			);
			buildRules = (
			);
			dependencies = (
			);
			name = ShipFastStarter;
			packageProductDependencies = (
				88B37D292C24018B000A7D91 /* SuperwallKit */,
				88B37D2C2C2404D5000A7D91 /* AppsFlyerLib */,
				88B37D2F2C24052B000A7D91 /* Mixpanel */,
				88B37D392C240CAB000A7D91 /* RevenueCat */,
			);
			productName = ShipFastStarter;
			productReference = 88B37D092C23FD60000A7D91 /* ShipFastStarter.app */;
			productType = "com.apple.product-type.application";
		};
/* End PBXNativeTarget section */

/* Begin PBXProject section */
		88B37D012C23FD60000A7D91 /* Project object */ = {
			isa = PBXProject;
			attributes = {
				BuildIndependentTargetsInParallel = 1;
				LastSwiftUpdateCheck = 1540;
				LastUpgradeCheck = 1540;
				TargetAttributes = {
					88B37D082C23FD60000A7D91 = {
						CreatedOnToolsVersion = 15.4;
					};
				};
			};
			buildConfigurationList = 88B37D042C23FD60000A7D91 /* Build configuration list for PBXProject "ShipFastStarter" */;
			compatibilityVersion = "Xcode 14.0";
			developmentRegion = en;
			hasScannedForEncodings = 0;
			knownRegions = (
				en,
				Base,
			);
			mainGroup = 88B37D002C23FD60000A7D91;
			packageReferences = (
				88B37D272C2400F5000A7D91 /* XCRemoteSwiftPackageReference "purchases-ios-spm" */,
				88B37D282C24018B000A7D91 /* XCRemoteSwiftPackageReference "Superwall-iOS" */,
				88B37D2B2C2404D5000A7D91 /* XCRemoteSwiftPackageReference "AppsFlyerFramework" */,
				88B37D2E2C24052B000A7D91 /* XCRemoteSwiftPackageReference "mixpanel-swift" */,
			);
			productRefGroup = 88B37D0A2C23FD60000A7D91 /* Products */;
			projectDirPath = "";
			projectRoot = "";
			targets = (
				88B37D082C23FD60000A7D91 /* ShipFastStarter */,
			);
		};
/* End PBXProject section */

/* Begin PBXResourcesBuildPhase section */
		88B37D072C23FD60000A7D91 /* Resources */ = {
			isa = PBXResourcesBuildPhase;
			buildActionMask = 2147483647;
			files = (
				88B37D442C240D77000A7D91 /* Colors.xcassets in Resources */,
				88B37D162C23FD60000A7D91 /* Preview Assets.xcassets in Resources */,
				88B37D132C23FD60000A7D91 /* Assets.xcassets in Resources */,
			);
			runOnlyForDeploymentPostprocessing = 0;
		};
/* End PBXResourcesBuildPhase section */

/* Begin PBXSourcesBuildPhase section */
		88B37D052C23FD60000A7D91 /* Sources */ = {
			isa = PBXSourcesBuildPhase;
			buildActionMask = 2147483647;
			files = (
				88B37D322C2406DA000A7D91 /* Constants.swift in Sources */,
				88B37D342C240761000A7D91 /* RCPurchaseController.swift in Sources */,
				88B37D0F2C23FD60000A7D91 /* ContentView.swift in Sources */,
				88B37D112C23FD60000A7D91 /* Item.swift in Sources */,
				88B37D402C240D12000A7D91 /* SharedComponents.swift in Sources */,
				88B37D3C2C240CF3000A7D91 /* HomeScreen.swift in Sources */,
				88B37D422C240D5D000A7D91 /* FontManager.swift in Sources */,
				88B37D3E2C240CFF000A7D91 /* OnboardingScreen.swift in Sources */,
				88B37D0D2C23FD60000A7D91 /* ShipFastStarterApp.swift in Sources */,
				88B37D372C2407DF000A7D91 /* AnalyticsService.swift in Sources */,
				88B37D242C23FDF8000A7D91 /* MainViewModel.swift in Sources */,
			);
			runOnlyForDeploymentPostprocessing = 0;
		};
/* End PBXSourcesBuildPhase section */

/* Begin XCBuildConfiguration section */
		88B37D172C23FD60000A7D91 /* Debug */ = {
			isa = XCBuildConfiguration;
			buildSettings = {
				ALWAYS_SEARCH_USER_PATHS = NO;
				ASSETCATALOG_COMPILER_GENERATE_SWIFT_ASSET_SYMBOL_EXTENSIONS = YES;
				CLANG_ANALYZER_NONNULL = YES;
				CLANG_ANALYZER_NUMBER_OBJECT_CONVERSION = YES_AGGRESSIVE;
				CLANG_CXX_LANGUAGE_STANDARD = "gnu++20";
				CLANG_ENABLE_MODULES = YES;
				CLANG_ENABLE_OBJC_ARC = YES;
				CLANG_ENABLE_OBJC_WEAK = YES;
				CLANG_WARN_BLOCK_CAPTURE_AUTORELEASING = YES;
				CLANG_WARN_BOOL_CONVERSION = YES;
				CLANG_WARN_COMMA = YES;
				CLANG_WARN_CONSTANT_CONVERSION = YES;
				CLANG_WARN_DEPRECATED_OBJC_IMPLEMENTATIONS = YES;
				CLANG_WARN_DIRECT_OBJC_ISA_USAGE = YES_ERROR;
				CLANG_WARN_DOCUMENTATION_COMMENTS = YES;
				CLANG_WARN_EMPTY_BODY = YES;
				CLANG_WARN_ENUM_CONVERSION = YES;
				CLANG_WARN_INFINITE_RECURSION = YES;
				CLANG_WARN_INT_CONVERSION = YES;
				CLANG_WARN_NON_LITERAL_NULL_CONVERSION = YES;
				CLANG_WARN_OBJC_IMPLICIT_RETAIN_SELF = YES;
				CLANG_WARN_OBJC_LITERAL_CONVERSION = YES;
				CLANG_WARN_OBJC_ROOT_CLASS = YES_ERROR;
				CLANG_WARN_QUOTED_INCLUDE_IN_FRAMEWORK_HEADER = YES;
				CLANG_WARN_RANGE_LOOP_ANALYSIS = YES;
				CLANG_WARN_STRICT_PROTOTYPES = YES;
				CLANG_WARN_SUSPICIOUS_MOVE = YES;
				CLANG_WARN_UNGUARDED_AVAILABILITY = YES_AGGRESSIVE;
				CLANG_WARN_UNREACHABLE_CODE = YES;
				CLANG_WARN__DUPLICATE_METHOD_MATCH = YES;
				COPY_PHASE_STRIP = NO;
				DEBUG_INFORMATION_FORMAT = dwarf;
				ENABLE_STRICT_OBJC_MSGSEND = YES;
				ENABLE_TESTABILITY = YES;
				ENABLE_USER_SCRIPT_SANDBOXING = YES;
				GCC_C_LANGUAGE_STANDARD = gnu17;
				GCC_DYNAMIC_NO_PIC = NO;
				GCC_NO_COMMON_BLOCKS = YES;
				GCC_OPTIMIZATION_LEVEL = 0;
				GCC_PREPROCESSOR_DEFINITIONS = (
					"DEBUG=1",
					"$(inherited)",
				);
				GCC_WARN_64_TO_32_BIT_CONVERSION = YES;
				GCC_WARN_ABOUT_RETURN_TYPE = YES_ERROR;
				GCC_WARN_UNDECLARED_SELECTOR = YES;
				GCC_WARN_UNINITIALIZED_AUTOS = YES_AGGRESSIVE;
				GCC_WARN_UNUSED_FUNCTION = YES;
				GCC_WARN_UNUSED_VARIABLE = YES;
				IPHONEOS_DEPLOYMENT_TARGET = 17.5;
				LOCALIZATION_PREFERS_STRING_CATALOGS = YES;
				MTL_ENABLE_DEBUG_INFO = INCLUDE_SOURCE;
				MTL_FAST_MATH = YES;
				ONLY_ACTIVE_ARCH = YES;
				SDKROOT = iphoneos;
				SWIFT_ACTIVE_COMPILATION_CONDITIONS = "DEBUG $(inherited)";
				SWIFT_OPTIMIZATION_LEVEL = "-Onone";
			};
			name = Debug;
		};
		88B37D182C23FD60000A7D91 /* Release */ = {
			isa = XCBuildConfiguration;
			buildSettings = {
				ALWAYS_SEARCH_USER_PATHS = NO;
				ASSETCATALOG_COMPILER_GENERATE_SWIFT_ASSET_SYMBOL_EXTENSIONS = YES;
				CLANG_ANALYZER_NONNULL = YES;
				CLANG_ANALYZER_NUMBER_OBJECT_CONVERSION = YES_AGGRESSIVE;
				CLANG_CXX_LANGUAGE_STANDARD = "gnu++20";
				CLANG_ENABLE_MODULES = YES;
				CLANG_ENABLE_OBJC_ARC = YES;
				CLANG_ENABLE_OBJC_WEAK = YES;
				CLANG_WARN_BLOCK_CAPTURE_AUTORELEASING = YES;
				CLANG_WARN_BOOL_CONVERSION = YES;
				CLANG_WARN_COMMA = YES;
				CLANG_WARN_CONSTANT_CONVERSION = YES;
				CLANG_WARN_DEPRECATED_OBJC_IMPLEMENTATIONS = YES;
				CLANG_WARN_DIRECT_OBJC_ISA_USAGE = YES_ERROR;
				CLANG_WARN_DOCUMENTATION_COMMENTS = YES;
				CLANG_WARN_EMPTY_BODY = YES;
				CLANG_WARN_ENUM_CONVERSION = YES;
				CLANG_WARN_INFINITE_RECURSION = YES;
				CLANG_WARN_INT_CONVERSION = YES;
				CLANG_WARN_NON_LITERAL_NULL_CONVERSION = YES;
				CLANG_WARN_OBJC_IMPLICIT_RETAIN_SELF = YES;
				CLANG_WARN_OBJC_LITERAL_CONVERSION = YES;
				CLANG_WARN_OBJC_ROOT_CLASS = YES_ERROR;
				CLANG_WARN_QUOTED_INCLUDE_IN_FRAMEWORK_HEADER = YES;
				CLANG_WARN_RANGE_LOOP_ANALYSIS = YES;
				CLANG_WARN_STRICT_PROTOTYPES = YES;
				CLANG_WARN_SUSPICIOUS_MOVE = YES;
				CLANG_WARN_UNGUARDED_AVAILABILITY = YES_AGGRESSIVE;
				CLANG_WARN_UNREACHABLE_CODE = YES;
				CLANG_WARN__DUPLICATE_METHOD_MATCH = YES;
				COPY_PHASE_STRIP = NO;
				DEBUG_INFORMATION_FORMAT = "dwarf-with-dsym";
				ENABLE_NS_ASSERTIONS = NO;
				ENABLE_STRICT_OBJC_MSGSEND = YES;
				ENABLE_USER_SCRIPT_SANDBOXING = YES;
				GCC_C_LANGUAGE_STANDARD = gnu17;
				GCC_NO_COMMON_BLOCKS = YES;
				GCC_WARN_64_TO_32_BIT_CONVERSION = YES;
				GCC_WARN_ABOUT_RETURN_TYPE = YES_ERROR;
				GCC_WARN_UNDECLARED_SELECTOR = YES;
				GCC_WARN_UNINITIALIZED_AUTOS = YES_AGGRESSIVE;
				GCC_WARN_UNUSED_FUNCTION = YES;
				GCC_WARN_UNUSED_VARIABLE = YES;
				IPHONEOS_DEPLOYMENT_TARGET = 17.5;
				LOCALIZATION_PREFERS_STRING_CATALOGS = YES;
				MTL_ENABLE_DEBUG_INFO = NO;
				MTL_FAST_MATH = YES;
				SDKROOT = iphoneos;
				SWIFT_COMPILATION_MODE = wholemodule;
				VALIDATE_PRODUCT = YES;
			};
			name = Release;
		};
		88B37D1A2C23FD60000A7D91 /* Debug */ = {
			isa = XCBuildConfiguration;
			buildSettings = {
				ASSETCATALOG_COMPILER_APPICON_NAME = AppIcon;
				ASSETCATALOG_COMPILER_GLOBAL_ACCENT_COLOR_NAME = AccentColor;
				CODE_SIGN_STYLE = Automatic;
				CURRENT_PROJECT_VERSION = 1;
				DEVELOPMENT_ASSET_PATHS = "\"ShipFastStarter/Preview Content\"";
				DEVELOPMENT_TEAM = M5757NXZKD;
				ENABLE_PREVIEWS = YES;
				GENERATE_INFOPLIST_FILE = YES;
				INFOPLIST_KEY_UIApplicationSceneManifest_Generation = YES;
				INFOPLIST_KEY_UIApplicationSupportsIndirectInputEvents = YES;
				INFOPLIST_KEY_UILaunchScreen_Generation = YES;
				INFOPLIST_KEY_UISupportedInterfaceOrientations_iPad = "UIInterfaceOrientationPortrait UIInterfaceOrientationPortraitUpsideDown UIInterfaceOrientationLandscapeLeft UIInterfaceOrientationLandscapeRight";
				INFOPLIST_KEY_UISupportedInterfaceOrientations_iPhone = "UIInterfaceOrientationPortrait UIInterfaceOrientationLandscapeLeft UIInterfaceOrientationLandscapeRight";
				LD_RUNPATH_SEARCH_PATHS = (
					"$(inherited)",
					"@executable_path/Frameworks",
				);
				MARKETING_VERSION = 1.0;
				PRODUCT_BUNDLE_IDENTIFIER = io.nora.kaizen.ShipFastStarter;
				PRODUCT_NAME = "$(TARGET_NAME)";
				SWIFT_EMIT_LOC_STRINGS = YES;
				SWIFT_VERSION = 5.0;
				TARGETED_DEVICE_FAMILY = "1,2";
			};
			name = Debug;
		};
		88B37D1B2C23FD60000A7D91 /* Release */ = {
			isa = XCBuildConfiguration;
			buildSettings = {
				ASSETCATALOG_COMPILER_APPICON_NAME = AppIcon;
				ASSETCATALOG_COMPILER_GLOBAL_ACCENT_COLOR_NAME = AccentColor;
				CODE_SIGN_STYLE = Automatic;
				CURRENT_PROJECT_VERSION = 1;
				DEVELOPMENT_ASSET_PATHS = "\"ShipFastStarter/Preview Content\"";
				DEVELOPMENT_TEAM = M5757NXZKD;
				ENABLE_PREVIEWS = YES;
				GENERATE_INFOPLIST_FILE = YES;
				INFOPLIST_KEY_UIApplicationSceneManifest_Generation = YES;
				INFOPLIST_KEY_UIApplicationSupportsIndirectInputEvents = YES;
				INFOPLIST_KEY_UILaunchScreen_Generation = YES;
				INFOPLIST_KEY_UISupportedInterfaceOrientations_iPad = "UIInterfaceOrientationPortrait UIInterfaceOrientationPortraitUpsideDown UIInterfaceOrientationLandscapeLeft UIInterfaceOrientationLandscapeRight";
				INFOPLIST_KEY_UISupportedInterfaceOrientations_iPhone = "UIInterfaceOrientationPortrait UIInterfaceOrientationLandscapeLeft UIInterfaceOrientationLandscapeRight";
				LD_RUNPATH_SEARCH_PATHS = (
					"$(inherited)",
					"@executable_path/Frameworks",
				);
				MARKETING_VERSION = 1.0;
				PRODUCT_BUNDLE_IDENTIFIER = io.nora.kaizen.ShipFastStarter;
				PRODUCT_NAME = "$(TARGET_NAME)";
				SWIFT_EMIT_LOC_STRINGS = YES;
				SWIFT_VERSION = 5.0;
				TARGETED_DEVICE_FAMILY = "1,2";
			};
			name = Release;
		};
/* End XCBuildConfiguration section */

/* Begin XCConfigurationList section */
		88B37D042C23FD60000A7D91 /* Build configuration list for PBXProject "ShipFastStarter" */ = {
			isa = XCConfigurationList;
			buildConfigurations = (
				88B37D172C23FD60000A7D91 /* Debug */,
				88B37D182C23FD60000A7D91 /* Release */,
			);
			defaultConfigurationIsVisible = 0;
			defaultConfigurationName = Release;
		};
		88B37D192C23FD60000A7D91 /* Build configuration list for PBXNativeTarget "ShipFastStarter" */ = {
			isa = XCConfigurationList;
			buildConfigurations = (
				88B37D1A2C23FD60000A7D91 /* Debug */,
				88B37D1B2C23FD60000A7D91 /* Release */,
			);
			defaultConfigurationIsVisible = 0;
			defaultConfigurationName = Release;
		};
/* End XCConfigurationList section */

/* Begin XCRemoteSwiftPackageReference section */
		88B37D272C2400F5000A7D91 /* XCRemoteSwiftPackageReference "purchases-ios-spm" */ = {
			isa = XCRemoteSwiftPackageReference;
			repositoryURL = "https://github.com/RevenueCat/purchases-ios-spm.git";
			requirement = {
				kind = upToNextMajorVersion;
				minimumVersion = 4.43.0;
			};
		};
		88B37D282C24018B000A7D91 /* XCRemoteSwiftPackageReference "Superwall-iOS" */ = {
			isa = XCRemoteSwiftPackageReference;
			repositoryURL = "https://github.com/superwall/Superwall-iOS";
			requirement = {
				kind = upToNextMajorVersion;
				minimumVersion = 3.0.0;
			};
		};
		88B37D2B2C2404D5000A7D91 /* XCRemoteSwiftPackageReference "AppsFlyerFramework" */ = {
			isa = XCRemoteSwiftPackageReference;
			repositoryURL = "https://github.com/AppsFlyerSDK/AppsFlyerFramework.git";
			requirement = {
				kind = upToNextMajorVersion;
				minimumVersion = 6.14.4;
			};
		};
		88B37D2E2C24052B000A7D91 /* XCRemoteSwiftPackageReference "mixpanel-swift" */ = {
			isa = XCRemoteSwiftPackageReference;
			repositoryURL = "https://github.com/mixpanel/mixpanel-swift.git";
			requirement = {
				branch = master;
				kind = branch;
			};
		};
/* End XCRemoteSwiftPackageReference section */

/* Begin XCSwiftPackageProductDependency section */
		88B37D292C24018B000A7D91 /* SuperwallKit */ = {
			isa = XCSwiftPackageProductDependency;
			package = 88B37D282C24018B000A7D91 /* XCRemoteSwiftPackageReference "Superwall-iOS" */;
			productName = SuperwallKit;
		};
		88B37D2C2C2404D5000A7D91 /* AppsFlyerLib */ = {
			isa = XCSwiftPackageProductDependency;
			package = 88B37D2B2C2404D5000A7D91 /* XCRemoteSwiftPackageReference "AppsFlyerFramework" */;
			productName = AppsFlyerLib;
		};
		88B37D2F2C24052B000A7D91 /* Mixpanel */ = {
			isa = XCSwiftPackageProductDependency;
			package = 88B37D2E2C24052B000A7D91 /* XCRemoteSwiftPackageReference "mixpanel-swift" */;
			productName = Mixpanel;
		};
		88B37D392C240CAB000A7D91 /* RevenueCat */ = {
			isa = XCSwiftPackageProductDependency;
			package = 88B37D272C2400F5000A7D91 /* XCRemoteSwiftPackageReference "purchases-ios-spm" */;
			productName = RevenueCat;
		};
/* End XCSwiftPackageProductDependency section */
	};
	rootObject = 88B37D012C23FD60000A7D91 /* Project object */;
}
